github.com/aws/aws-sdk-go-v2 v1.16.3 h1:0W1TSJ7O6OzwuEvIXAtJGvOeQ0SGAhcpxPN2/NK5EhM=
github.com/aws/aws-sdk-go-v2 v1.16.3/go.mod h1:ytwTPBG6fXTZLxxeeCCWj2/EMYp/xDUgX+OET6TLNNU=
github.com/aws/aws-sdk-go-v2/aws/protocol/eventstream v1.4.1 h1:SdK4Ppk5IzLs64ZMvr6MrSficMtjY2oS0WOORXTlxwU=
github.com/aws/aws-sdk-go-v2/aws/protocol/eventstream v1.4.1/go.mod h1:n8Bs1ElDD2wJ9kCRTczA83gYbBmjSwZp3umc6zF4EeM=
github.com/aws/aws-sdk-go-v2/config v1.15.4 h1:P4mesY1hYUxru4f9SU0XxNKXmzfxsD0FtMIPRBjkH7Q=
github.com/aws/aws-sdk-go-v2/config v1.15.4/go.mod h1:ZijHHh0xd/A+ZY53az0qzC5tT46kt4JVCePf2NX9Lk4=
github.com/aws/aws-sdk-go-v2/credentials v1.12.0 h1:4R/NqlcRFSkR0wxOhgHi+agGpbEr5qMCjn7VqUIJY+E=
github.com/aws/aws-sdk-go-v2/credentials v1.12.0/go.mod h1:9YWk7VW+eyKsoIL6/CljkTrNVWBSK9pkqOPUuijid4A=
github.com/aws/aws-sdk-go-v2/feature/ec2/imds v1.12.4 h1:FP8gquGeGHHdfY6G5llaMQDF+HAf20VKc8opRwmjf04=
github.com/aws/aws-sdk-go-v2/feature/ec2/imds v1.12.4/go.mod h1:u/s5/Z+ohUQOPXl00m2yJVyioWDECsbpXTQlaqSlufc=
github.com/aws/aws-sdk-go-v2/internal/configsources v1.1.10 h1:uFWgo6mGJI1n17nbcvSc6fxVuR3xLNqvXt12JCnEcT8=
github.com/aws/aws-sdk-go-v2/internal/configsources v1.1.10/go.mod h1:F+EZtuIwjlv35kRJPyBGcsA4f7bnSoz15zOQ2lJq1Z4=
github.com/aws/aws-sdk-go-v2/internal/endpoints/v2 v2.4.4 h1:cnsvEKSoHN4oAN7spMMr0zhEW2MHnhAVpmqQg8E6UcM=
github.com/aws/aws-sdk-go-v2/internal/endpoints/v2 v2.4.4/go.mod h1:8glyUqVIM4AmeenIsPo0oVh3+NUwnsQml2OFupfQW+0=
github.com/aws/aws-sdk-go-v2/internal/ini v1.3.11 h1:6cZRymlLEIlDTEB0+5+An6Zj1CKt6rSE69tOmFeu1nk=
github.com/aws/aws-sdk-go-v2/internal/ini v1.3.11/go.mod h1:0MR+sS1b/yxsfAPvAESrw8NfwUoxMinDyw6EYR9BS2U=
github.com/aws/aws-sdk-go-v2/internal/v4a v1.0.1 h1:C21IDZCm9Yu5xqjb3fKmxDoYvJXtw1DNlOmLZEIlY1M=
github.com/aws/aws-sdk-go-v2/internal/v4a v1.0.1/go.mod h1:l/BbcfqDCT3hePawhy4ZRtewjtdkl6GWtd9/U+1penQ=
github.com/aws/aws-sdk-go-v2/service/internal/accept-encoding v1.9.1 h1:T4pFel53bkHjL2mMo+4DKE6r6AuoZnM0fg7k1/ratr4=
github.com/aws/aws-sdk-go-v2/service/internal/accept-encoding v1.9.1/go.mod h1:GeUru+8VzrTXV/83XyMJ80KpH8xO89VPoUileyNQ+tc=
github.com/aws/aws-sdk-go-v2/service/internal/checksum v1.1.5 h1:9LSZqt4v1JiehyZTrQnRFf2mY/awmyYNNY/b7zqtduU=
github.com/aws/aws-sdk-go-v2/service/internal/checksum v1.1.5/go.mod h1:S8TVP66AAkMMdYYCNZGvrdEq9YRm+qLXjio4FqRnrEE=
github.com/aws/aws-sdk-go-v2/service/internal/presigned-url v1.9.4 h1:b16QW0XWl0jWjLABFc1A+uh145Oqv+xDcObNk0iQgUk=
github.com/aws/aws-sdk-go-v2/service/internal/presigned-url v1.9.4/go.mod h1:uKkN7qmSIsNJVyMtxNQoCEYMvFEXbOg9fwCJPdfp2u8=
github.com/aws/aws-sdk-go-v2/service/internal/s3shared v1.13.4 h1:RE/DlZLYrz1OOmq8F28IXHLksuuvlpzUbvJ+SESCZBI=
github.com/aws/aws-sdk-go-v2/service/internal/s3shared v1.13.4/go.mod h1:oudbsSdDtazNj47z1ut1n37re9hDsKpk2ZI3v7KSxq0=
github.com/aws/aws-sdk-go-v2/service/s3 v1.26.7 h1:ZEPH6aBywdyn5LGr7hSNEwuPaKpKZodX0R9AjPj5A7c=
github.com/aws/aws-sdk-go-v2/service/s3 v1.26.7/go.mod h1:iMYipLPXlWpBJ0KFX7QJHZ84rBydHBY8as2aQICTPWk=
github.com/aws/aws-sdk-go-v2/service/sso v1.11.4 h1:Uw5wBybFQ1UeA9ts0Y07gbv0ncZnIAyw858tDW0NP2o=
github.com/aws/aws-sdk-go-v2/service/sso v1.11.4/go.mod h1:cPDwJwsP4Kff9mldCXAmddjJL6JGQqtA3Mzer2zyr88=
github.com/aws/aws-sdk-go-v2/service/sts v1.16.4 h1:+xtV90n3abQmgzk1pS++FdxZTrPEDgQng6e4/56WR2A=
github.com/aws/aws-sdk-go-v2/service/sts v1.16.4/go.mod h1:lfSYenAXtavyX2A1LsViglqlG9eEFYxNryTZS5rn3QE=
github.com/aws/smithy-go v1.11.2 h1:eG/N+CcUMAvsdffgMvjMKwfyDzIkjM6pfxMJ8Mzc6mE=
github.com/aws/smithy-go v1.11.2/go.mod h1:3xHYmszWVx2c0kIwQeEVf9uSm4fYZt67FBJnwub1bgM=
github.com/davecgh/go-spew v1.1.0/go.mod h1:J7Y8YcW2NihsgmVo/mv3lAwl/skON4iLHjSsI+c5H38=
github.com/google/go-cmp v0.5.7 h1:81/ik6ipDQS2aGcBfIN5dHDB36BwrStyeAQquSYCV4o=
github.com/google/go-cmp v0.5.7/go.mod h1:n+brtR0CgQNWTVd5ZUFpTBC8YFBDLK/h/bpaJ8/DtOE=
github.com/jmespath/go-jmespath v0.4.0/go.mod h1:T8mJZnbsbmF+m6zOOFylbeCJqk5+pHWvzYPziyZiYoo=
github.com/jmespath/go-jmespath/internal/testify v1.5.1/go.mod h1:L3OGu8Wl2/fWfCI6z80xFu9LTZmf1ZRjMHUOPmWr69U=
github.com/pmezard/go-difflib v1.0.0/go.mod h1:iKH77koFhYxTK1pcRnkKkqfTogsbg7gZNVY4sRDYZ/4=
github.com/stretchr/objx v0.1.0/go.mod h1:HFkY916IF+rwdDfMAkV7OtwuqBVzrE8GR6GFx+wExME=
golang.org/x/xerrors v0.0.0-20191204190536-9bdfabe68543 h1:E7g+9GITq07hpfrRu66IVDexMakfv52eLZ2CXBWiKr4=
golang.org/x/xerrors v0.0.0-20191204190536-9bdfabe68543/go.mod h1:I/5z698sn9Ka8TeJc9MKroUUfqBBauWjQqLJ2OPfmY0=
gopkg.in/check.v1 v0.0.0-20161208181325-20d25e280405/go.mod h1:Co6ibVJAznAaIkqp8huTwlJQCZ016jof/cbN4VW5Yz0=
gopkg.in/yaml.v2 v2.2.8/go.mod h1:hI93XBmqTisBFMUTm0b8Fm+jr3Dg1NNxqwp+5A1VGuI=
